
Microsoft Visual Studio Solution File, Format Version 11.00
# Visual Studio 2010
Project("{FAE04EC0-301F-11D3-BF4B-00C04F79EFBC}") = "Assembly-CSharp", "Assembly-CSharp.csproj", "{AEB51F73-A64B-BB20-58EB-9D01C6BC7854}"
EndProject
Project("{FAE04EC0-301F-11D3-BF4B-00C04F79EFBC}") = "Unity.XR.PicoXR", "Unity.XR.PicoXR.csproj", "{2354C649-A2D6-A1D9-2F1A-FB387054FA62}"
EndProject
Project("{FAE04EC0-301F-11D3-BF4B-00C04F79EFBC}") = "Unity.XR.PicoXR.Editor", "Unity.XR.PicoXR.Editor.csproj", "{D66F7FAB-6D04-8F87-827E-81E8133CE2CF}"
EndProject
Global
	GlobalSection(SolutionConfigurationPlatforms) = preSolution
		Debug|Any CPU = Debug|Any CPU
		Release|Any CPU = Release|Any CPU
	EndGlobalSection
	GlobalSection(ProjectConfigurationPlatforms) = postSolution
		{AEB51F73-A64B-BB20-58EB-9D01C6BC7854}.Debug|Any CPU.ActiveCfg = Debug|Any CPU
		{AEB51F73-A64B-BB20-58EB-9D01C6BC7854}.Debug|Any CPU.Build.0 = Debug|Any CPU
		{AEB51F73-A64B-BB20-58EB-9D01C6BC7854}.Release|Any CPU.ActiveCfg = Release|Any CPU
		{AEB51F73-A64B-BB20-58EB-9D01C6BC7854}.Release|Any CPU.Build.0 = Release|Any CPU
		{2354C649-A2D6-A1D9-2F1A-FB387054FA62}.Debug|Any CPU.ActiveCfg = Debug|Any CPU
		{2354C649-A2D6-A1D9-2F1A-FB387054FA62}.Debug|Any CPU.Build.0 = Debug|Any CPU
		{2354C649-A2D6-A1D9-2F1A-FB387054FA62}.Release|Any CPU.ActiveCfg = Release|Any CPU
		{2354C649-A2D6-A1D9-2F1A-FB387054FA62}.Release|Any CPU.Build.0 = Release|Any CPU
		{D66F7FAB-6D04-8F87-827E-81E8133CE2CF}.Debug|Any CPU.ActiveCfg = Debug|Any CPU
		{D66F7FAB-6D04-8F87-827E-81E8133CE2CF}.Debug|Any CPU.Build.0 = Debug|Any CPU
		{D66F7FAB-6D04-8F87-827E-81E8133CE2CF}.Release|Any CPU.ActiveCfg = Release|Any CPU
		{D66F7FAB-6D04-8F87-827E-81E8133CE2CF}.Release|Any CPU.Build.0 = Release|Any CPU
	EndGlobalSection
	GlobalSection(SolutionProperties) = preSolution
		HideSolutionNode = FALSE
	EndGlobalSection
EndGlobal
