
Microsoft Visual Studio Solution File, Format Version 12.00
# Visual Studio Version 17
VisualStudioVersion = 17.2.32616.157
MinimumVisualStudioVersion = 10.0.40219.1
Project("{FAE04EC0-301F-11D3-BF4B-00C04F79EFBC}") = "Pico.Platform", "Pico.Platform.csproj", "{68AD643E-7FAE-9F01-AD2D-90C19D9BFA23}"
EndProject
Project("{FAE04EC0-301F-11D3-BF4B-00C04F79EFBC}") = "Unity.XR.PicoXR", "Unity.XR.PicoXR.csproj", "{8DA56D97-F4C2-FACD-5400-A541DB4DD056}"
EndProject
Project("{FAE04EC0-301F-11D3-BF4B-00C04F79EFBC}") = "Pico.Spatializer", "Pico.Spatializer.csproj", "{855CA91E-02E1-6371-BBC3-286ACEECE6C7}"
EndProject
Project("{FAE04EC0-301F-11D3-BF4B-00C04F79EFBC}") = "Assembly-CSharp", "Assembly-CSharp.csproj", "{3AD27564-D7CE-CC45-EA36-CA97252036A5}"
EndProject
Project("{FAE04EC0-301F-11D3-BF4B-00C04F79EFBC}") = "Pico.Spatializer.Example", "Pico.Spatializer.Example.csproj", "{0ADD66BA-03B5-7412-AEEC-D9CA150A1CE8}"
EndProject
Project("{FAE04EC0-301F-11D3-BF4B-00C04F79EFBC}") = "Unity.XR.PicoXR.Editor", "Unity.XR.PicoXR.Editor.csproj", "{961DF531-195C-773B-6981-EE3517B78546}"
EndProject
Global
	GlobalSection(SolutionConfigurationPlatforms) = preSolution
		Debug|Any CPU = Debug|Any CPU
		Release|Any CPU = Release|Any CPU
	EndGlobalSection
	GlobalSection(ProjectConfigurationPlatforms) = postSolution
		{68AD643E-7FAE-9F01-AD2D-90C19D9BFA23}.Debug|Any CPU.ActiveCfg = Debug|Any CPU
		{68AD643E-7FAE-9F01-AD2D-90C19D9BFA23}.Debug|Any CPU.Build.0 = Debug|Any CPU
		{68AD643E-7FAE-9F01-AD2D-90C19D9BFA23}.Release|Any CPU.ActiveCfg = Release|Any CPU
		{68AD643E-7FAE-9F01-AD2D-90C19D9BFA23}.Release|Any CPU.Build.0 = Release|Any CPU
		{8DA56D97-F4C2-FACD-5400-A541DB4DD056}.Debug|Any CPU.ActiveCfg = Debug|Any CPU
		{8DA56D97-F4C2-FACD-5400-A541DB4DD056}.Debug|Any CPU.Build.0 = Debug|Any CPU
		{8DA56D97-F4C2-FACD-5400-A541DB4DD056}.Release|Any CPU.ActiveCfg = Release|Any CPU
		{8DA56D97-F4C2-FACD-5400-A541DB4DD056}.Release|Any CPU.Build.0 = Release|Any CPU
		{855CA91E-02E1-6371-BBC3-286ACEECE6C7}.Debug|Any CPU.ActiveCfg = Debug|Any CPU
		{855CA91E-02E1-6371-BBC3-286ACEECE6C7}.Debug|Any CPU.Build.0 = Debug|Any CPU
		{855CA91E-02E1-6371-BBC3-286ACEECE6C7}.Release|Any CPU.ActiveCfg = Release|Any CPU
		{855CA91E-02E1-6371-BBC3-286ACEECE6C7}.Release|Any CPU.Build.0 = Release|Any CPU
		{3AD27564-D7CE-CC45-EA36-CA97252036A5}.Debug|Any CPU.ActiveCfg = Debug|Any CPU
		{3AD27564-D7CE-CC45-EA36-CA97252036A5}.Debug|Any CPU.Build.0 = Debug|Any CPU
		{3AD27564-D7CE-CC45-EA36-CA97252036A5}.Release|Any CPU.ActiveCfg = Release|Any CPU
		{3AD27564-D7CE-CC45-EA36-CA97252036A5}.Release|Any CPU.Build.0 = Release|Any CPU
		{0ADD66BA-03B5-7412-AEEC-D9CA150A1CE8}.Debug|Any CPU.ActiveCfg = Debug|Any CPU
		{0ADD66BA-03B5-7412-AEEC-D9CA150A1CE8}.Debug|Any CPU.Build.0 = Debug|Any CPU
		{0ADD66BA-03B5-7412-AEEC-D9CA150A1CE8}.Release|Any CPU.ActiveCfg = Release|Any CPU
		{0ADD66BA-03B5-7412-AEEC-D9CA150A1CE8}.Release|Any CPU.Build.0 = Release|Any CPU
		{961DF531-195C-773B-6981-EE3517B78546}.Debug|Any CPU.ActiveCfg = Debug|Any CPU
		{961DF531-195C-773B-6981-EE3517B78546}.Debug|Any CPU.Build.0 = Debug|Any CPU
		{961DF531-195C-773B-6981-EE3517B78546}.Release|Any CPU.ActiveCfg = Release|Any CPU
		{961DF531-195C-773B-6981-EE3517B78546}.Release|Any CPU.Build.0 = Release|Any CPU
	EndGlobalSection
	GlobalSection(SolutionProperties) = preSolution
		HideSolutionNode = FALSE
	EndGlobalSection
	GlobalSection(ExtensibilityGlobals) = postSolution
		SolutionGuid = {98FD289D-A7CA-4BD8-99DD-2F4F560DD213}
	EndGlobalSection
EndGlobal
